
Microsoft Visual Studio Solution File, Format Version 12.00
# Visual Studio Version 17
VisualStudioVersion = 17.13.35931.197
MinimumVisualStudioVersion = 10.0.40219.1
Project("{8BC9CEB8-8B4A-11D0-8D11-00A0C91BC942}") = "HelloWorld", "HelloWorld\HelloWorld.vcxproj", "{DDCA308E-0E10-40D4-8B6B-EFD884699432}"
EndProject
Project("{8BC9CEB8-8B4A-11D0-8D11-00A0C91BC942}") = "Pointer", "Pointer\Pointer.vcxproj", "{3CD4C705-95D5-4E87-AECC-DEE41C804C2C}"
EndProject
Project("{8BC9CEB8-8B4A-11D0-8D11-00A0C91BC942}") = "Reference", "Reference\Reference.vcxproj", "{869ECA85-983C-47E4-8FC4-6B840469D2AA}"
EndProject
Project("{8BC9CEB8-8B4A-11D0-8D11-00A0C91BC942}") = "Class", "Class\Class.vcxproj", "{25C5EB75-3F89-4EBD-A18D-A77E30989B84}"
EndProject
Project("{8BC9CEB8-8B4A-11D0-8D11-00A0C91BC942}") = "Static", "Static\Static.vcxproj", "{EA10F350-FA7D-4588-9369-FC51E2DA0D34}"
EndProject
Project("{8BC9CEB8-8B4A-11D0-8D11-00A0C91BC942}") = "VirtualMethod", "VirtualMethod\VirtualMethod.vcxproj", "{6F2CCDC3-525E-400F-84FE-B03B635829B1}"
EndProject
Project("{8BC9CEB8-8B4A-11D0-8D11-00A0C91BC942}") = "Array", "Array\Array.vcxproj", "{2CA795FE-AF6D-4A3A-82EE-FB1ADA77F75E}"
EndProject
Project("{8BC9CEB8-8B4A-11D0-8D11-00A0C91BC942}") = "String", "String\String.vcxproj", "{9FD98799-F9C7-479A-AA24-2EB29415ED58}"
EndProject
Project("{8BC9CEB8-8B4A-11D0-8D11-00A0C91BC942}") = "Const", "Const\Const.vcxproj", "{AFE1AA76-94BA-47F8-8F83-61DBFF1884FA}"
EndProject
Project("{8BC9CEB8-8B4A-11D0-8D11-00A0C91BC942}") = "Initialize", "Initialize\Initialize.vcxproj", "{671510FF-9F4C-426A-8454-FFEFD2F8FD4A}"
EndProject
Project("{8BC9CEB8-8B4A-11D0-8D11-00A0C91BC942}") = "ImplicitConversion", "ImplicitConversion\ImplicitConversion.vcxproj", "{91A6C74A-518B-4E00-864D-0F8D8F85D535}"
EndProject
Project("{8BC9CEB8-8B4A-11D0-8D11-00A0C91BC942}") = "SmartPointer", "SmartPointer\SmartPointer.vcxproj", "{01479B63-D240-4E22-B9FC-51E0D934ACCE}"
EndProject
Project("{8BC9CEB8-8B4A-11D0-8D11-00A0C91BC942}") = "CopyingAndCopyConstructors", "CopyingAndCopyConstructors\CopyingAndCopyConstructors.vcxproj", "{086EFA35-49C5-4A5F-81EB-ED9F758BDAC6}"
EndProject
Project("{8BC9CEB8-8B4A-11D0-8D11-00A0C91BC942}") = "ArrowOperator", "ArrowOperator\ArrowOperator.vcxproj", "{AA33E17D-D74D-4DF2-832F-BE5E6C1689FD}"
EndProject
Project("{8BC9CEB8-8B4A-11D0-8D11-00A0C91BC942}") = "OperatorOverload", "OperatorOverload\OperatorOverload.vcxproj", "{CFB641E6-28F2-49EC-ADD7-73B7669F8C0A}"
EndProject
Project("{8BC9CEB8-8B4A-11D0-8D11-00A0C91BC942}") = "StdVector", "StdVector\StdVector.vcxproj", "{3D00FA84-6A10-43F7-93AB-B20AD9A82BEF}"
EndProject
Project("{8BC9CEB8-8B4A-11D0-8D11-00A0C91BC942}") = "OptimizingStdVector", "OptimizingStdVector\OptimizingStdVector.vcxproj", "{43277BD0-B07B-4BA1-A0D2-1A5FCC33FF5D}"
EndProject
Project("{8BC9CEB8-8B4A-11D0-8D11-00A0C91BC942}") = "StaticLinkingLibrary", "StaticLinkingLibrary\StaticLinkingLibrary.vcxproj", "{6C7F58AD-5D74-4076-B82D-A4A02B5351FA}"
EndProject
Project("{8BC9CEB8-8B4A-11D0-8D11-00A0C91BC942}") = "DynamicLinkingLibrary", "DynamicLinkingLibrary\DynamicLinkingLibrary.vcxproj", "{1CE9F8FD-2DEC-4667-8040-34FA13150274}"
EndProject
Project("{8BC9CEB8-8B4A-11D0-8D11-00A0C91BC942}") = "MakingAndWorkingWithLibrariesGame", "MakingAndWorkingWithLibraries\MakingAndWorkingWithLibrariesGame\MakingAndWorkingWithLibrariesGame.vcxproj", "{FE4BAE2A-D8E8-49D1-9851-8C841627D2F3}"
EndProject
Project("{8BC9CEB8-8B4A-11D0-8D11-00A0C91BC942}") = "MakingAndWorkingWithLibrariesEngine", "MakingAndWorkingWithLibraries\MakingAndWorkingWithLibrariesEngine\MakingAndWorkingWithLibrariesEngine.vcxproj", "{C6FA07DC-6AEB-4C1F-956A-FDA1A6C4D82D}"
EndProject
Global
	GlobalSection(SolutionConfigurationPlatforms) = preSolution
		Debug|x64 = Debug|x64
		Debug|x86 = Debug|x86
		Release|x64 = Release|x64
		Release|x86 = Release|x86
	EndGlobalSection
	GlobalSection(ProjectConfigurationPlatforms) = postSolution
		{DDCA308E-0E10-40D4-8B6B-EFD884699432}.Debug|x64.ActiveCfg = Debug|x64
		{DDCA308E-0E10-40D4-8B6B-EFD884699432}.Debug|x64.Build.0 = Debug|x64
		{DDCA308E-0E10-40D4-8B6B-EFD884699432}.Debug|x86.ActiveCfg = Debug|Win32
		{DDCA308E-0E10-40D4-8B6B-EFD884699432}.Debug|x86.Build.0 = Debug|Win32
		{DDCA308E-0E10-40D4-8B6B-EFD884699432}.Release|x64.ActiveCfg = Release|x64
		{DDCA308E-0E10-40D4-8B6B-EFD884699432}.Release|x64.Build.0 = Release|x64
		{DDCA308E-0E10-40D4-8B6B-EFD884699432}.Release|x86.ActiveCfg = Release|Win32
		{DDCA308E-0E10-40D4-8B6B-EFD884699432}.Release|x86.Build.0 = Release|Win32
		{3CD4C705-95D5-4E87-AECC-DEE41C804C2C}.Debug|x64.ActiveCfg = Debug|x64
		{3CD4C705-95D5-4E87-AECC-DEE41C804C2C}.Debug|x64.Build.0 = Debug|x64
		{3CD4C705-95D5-4E87-AECC-DEE41C804C2C}.Debug|x86.ActiveCfg = Debug|Win32
		{3CD4C705-95D5-4E87-AECC-DEE41C804C2C}.Debug|x86.Build.0 = Debug|Win32
		{3CD4C705-95D5-4E87-AECC-DEE41C804C2C}.Release|x64.ActiveCfg = Release|x64
		{3CD4C705-95D5-4E87-AECC-DEE41C804C2C}.Release|x64.Build.0 = Release|x64
		{3CD4C705-95D5-4E87-AECC-DEE41C804C2C}.Release|x86.ActiveCfg = Release|Win32
		{3CD4C705-95D5-4E87-AECC-DEE41C804C2C}.Release|x86.Build.0 = Release|Win32
		{869ECA85-983C-47E4-8FC4-6B840469D2AA}.Debug|x64.ActiveCfg = Debug|x64
		{869ECA85-983C-47E4-8FC4-6B840469D2AA}.Debug|x64.Build.0 = Debug|x64
		{869ECA85-983C-47E4-8FC4-6B840469D2AA}.Debug|x86.ActiveCfg = Debug|Win32
		{869ECA85-983C-47E4-8FC4-6B840469D2AA}.Debug|x86.Build.0 = Debug|Win32
		{869ECA85-983C-47E4-8FC4-6B840469D2AA}.Release|x64.ActiveCfg = Release|x64
		{869ECA85-983C-47E4-8FC4-6B840469D2AA}.Release|x64.Build.0 = Release|x64
		{869ECA85-983C-47E4-8FC4-6B840469D2AA}.Release|x86.ActiveCfg = Release|Win32
		{869ECA85-983C-47E4-8FC4-6B840469D2AA}.Release|x86.Build.0 = Release|Win32
		{25C5EB75-3F89-4EBD-A18D-A77E30989B84}.Debug|x64.ActiveCfg = Debug|x64
		{25C5EB75-3F89-4EBD-A18D-A77E30989B84}.Debug|x64.Build.0 = Debug|x64
		{25C5EB75-3F89-4EBD-A18D-A77E30989B84}.Debug|x86.ActiveCfg = Debug|Win32
		{25C5EB75-3F89-4EBD-A18D-A77E30989B84}.Debug|x86.Build.0 = Debug|Win32
		{25C5EB75-3F89-4EBD-A18D-A77E30989B84}.Release|x64.ActiveCfg = Release|x64
		{25C5EB75-3F89-4EBD-A18D-A77E30989B84}.Release|x64.Build.0 = Release|x64
		{25C5EB75-3F89-4EBD-A18D-A77E30989B84}.Release|x86.ActiveCfg = Release|Win32
		{25C5EB75-3F89-4EBD-A18D-A77E30989B84}.Release|x86.Build.0 = Release|Win32
		{EA10F350-FA7D-4588-9369-FC51E2DA0D34}.Debug|x64.ActiveCfg = Debug|x64
		{EA10F350-FA7D-4588-9369-FC51E2DA0D34}.Debug|x64.Build.0 = Debug|x64
		{EA10F350-FA7D-4588-9369-FC51E2DA0D34}.Debug|x86.ActiveCfg = Debug|Win32
		{EA10F350-FA7D-4588-9369-FC51E2DA0D34}.Debug|x86.Build.0 = Debug|Win32
		{EA10F350-FA7D-4588-9369-FC51E2DA0D34}.Release|x64.ActiveCfg = Release|x64
		{EA10F350-FA7D-4588-9369-FC51E2DA0D34}.Release|x64.Build.0 = Release|x64
		{EA10F350-FA7D-4588-9369-FC51E2DA0D34}.Release|x86.ActiveCfg = Release|Win32
		{EA10F350-FA7D-4588-9369-FC51E2DA0D34}.Release|x86.Build.0 = Release|Win32
		{6F2CCDC3-525E-400F-84FE-B03B635829B1}.Debug|x64.ActiveCfg = Debug|x64
		{6F2CCDC3-525E-400F-84FE-B03B635829B1}.Debug|x64.Build.0 = Debug|x64
		{6F2CCDC3-525E-400F-84FE-B03B635829B1}.Debug|x86.ActiveCfg = Debug|Win32
		{6F2CCDC3-525E-400F-84FE-B03B635829B1}.Debug|x86.Build.0 = Debug|Win32
		{6F2CCDC3-525E-400F-84FE-B03B635829B1}.Release|x64.ActiveCfg = Release|x64
		{6F2CCDC3-525E-400F-84FE-B03B635829B1}.Release|x64.Build.0 = Release|x64
		{6F2CCDC3-525E-400F-84FE-B03B635829B1}.Release|x86.ActiveCfg = Release|Win32
		{6F2CCDC3-525E-400F-84FE-B03B635829B1}.Release|x86.Build.0 = Release|Win32
		{2CA795FE-AF6D-4A3A-82EE-FB1ADA77F75E}.Debug|x64.ActiveCfg = Debug|x64
		{2CA795FE-AF6D-4A3A-82EE-FB1ADA77F75E}.Debug|x64.Build.0 = Debug|x64
		{2CA795FE-AF6D-4A3A-82EE-FB1ADA77F75E}.Debug|x86.ActiveCfg = Debug|Win32
		{2CA795FE-AF6D-4A3A-82EE-FB1ADA77F75E}.Debug|x86.Build.0 = Debug|Win32
		{2CA795FE-AF6D-4A3A-82EE-FB1ADA77F75E}.Release|x64.ActiveCfg = Release|x64
		{2CA795FE-AF6D-4A3A-82EE-FB1ADA77F75E}.Release|x64.Build.0 = Release|x64
		{2CA795FE-AF6D-4A3A-82EE-FB1ADA77F75E}.Release|x86.ActiveCfg = Release|Win32
		{2CA795FE-AF6D-4A3A-82EE-FB1ADA77F75E}.Release|x86.Build.0 = Release|Win32
		{9FD98799-F9C7-479A-AA24-2EB29415ED58}.Debug|x64.ActiveCfg = Debug|x64
		{9FD98799-F9C7-479A-AA24-2EB29415ED58}.Debug|x64.Build.0 = Debug|x64
		{9FD98799-F9C7-479A-AA24-2EB29415ED58}.Debug|x86.ActiveCfg = Debug|Win32
		{9FD98799-F9C7-479A-AA24-2EB29415ED58}.Debug|x86.Build.0 = Debug|Win32
		{9FD98799-F9C7-479A-AA24-2EB29415ED58}.Release|x64.ActiveCfg = Release|x64
		{9FD98799-F9C7-479A-AA24-2EB29415ED58}.Release|x64.Build.0 = Release|x64
		{9FD98799-F9C7-479A-AA24-2EB29415ED58}.Release|x86.ActiveCfg = Release|Win32
		{9FD98799-F9C7-479A-AA24-2EB29415ED58}.Release|x86.Build.0 = Release|Win32
		{AFE1AA76-94BA-47F8-8F83-61DBFF1884FA}.Debug|x64.ActiveCfg = Debug|x64
		{AFE1AA76-94BA-47F8-8F83-61DBFF1884FA}.Debug|x64.Build.0 = Debug|x64
		{AFE1AA76-94BA-47F8-8F83-61DBFF1884FA}.Debug|x86.ActiveCfg = Debug|Win32
		{AFE1AA76-94BA-47F8-8F83-61DBFF1884FA}.Debug|x86.Build.0 = Debug|Win32
		{AFE1AA76-94BA-47F8-8F83-61DBFF1884FA}.Release|x64.ActiveCfg = Release|x64
		{AFE1AA76-94BA-47F8-8F83-61DBFF1884FA}.Release|x64.Build.0 = Release|x64
		{AFE1AA76-94BA-47F8-8F83-61DBFF1884FA}.Release|x86.ActiveCfg = Release|Win32
		{AFE1AA76-94BA-47F8-8F83-61DBFF1884FA}.Release|x86.Build.0 = Release|Win32
		{671510FF-9F4C-426A-8454-FFEFD2F8FD4A}.Debug|x64.ActiveCfg = Debug|x64
		{671510FF-9F4C-426A-8454-FFEFD2F8FD4A}.Debug|x64.Build.0 = Debug|x64
		{671510FF-9F4C-426A-8454-FFEFD2F8FD4A}.Debug|x86.ActiveCfg = Debug|Win32
		{671510FF-9F4C-426A-8454-FFEFD2F8FD4A}.Debug|x86.Build.0 = Debug|Win32
		{671510FF-9F4C-426A-8454-FFEFD2F8FD4A}.Release|x64.ActiveCfg = Release|x64
		{671510FF-9F4C-426A-8454-FFEFD2F8FD4A}.Release|x64.Build.0 = Release|x64
		{671510FF-9F4C-426A-8454-FFEFD2F8FD4A}.Release|x86.ActiveCfg = Release|Win32
		{671510FF-9F4C-426A-8454-FFEFD2F8FD4A}.Release|x86.Build.0 = Release|Win32
		{91A6C74A-518B-4E00-864D-0F8D8F85D535}.Debug|x64.ActiveCfg = Debug|x64
		{91A6C74A-518B-4E00-864D-0F8D8F85D535}.Debug|x64.Build.0 = Debug|x64
		{91A6C74A-518B-4E00-864D-0F8D8F85D535}.Debug|x86.ActiveCfg = Debug|Win32
		{91A6C74A-518B-4E00-864D-0F8D8F85D535}.Debug|x86.Build.0 = Debug|Win32
		{91A6C74A-518B-4E00-864D-0F8D8F85D535}.Release|x64.ActiveCfg = Release|x64
		{91A6C74A-518B-4E00-864D-0F8D8F85D535}.Release|x64.Build.0 = Release|x64
		{91A6C74A-518B-4E00-864D-0F8D8F85D535}.Release|x86.ActiveCfg = Release|Win32
		{91A6C74A-518B-4E00-864D-0F8D8F85D535}.Release|x86.Build.0 = Release|Win32
		{01479B63-D240-4E22-B9FC-51E0D934ACCE}.Debug|x64.ActiveCfg = Debug|x64
		{01479B63-D240-4E22-B9FC-51E0D934ACCE}.Debug|x64.Build.0 = Debug|x64
		{01479B63-D240-4E22-B9FC-51E0D934ACCE}.Debug|x86.ActiveCfg = Debug|Win32
		{01479B63-D240-4E22-B9FC-51E0D934ACCE}.Debug|x86.Build.0 = Debug|Win32
		{01479B63-D240-4E22-B9FC-51E0D934ACCE}.Release|x64.ActiveCfg = Release|x64
		{01479B63-D240-4E22-B9FC-51E0D934ACCE}.Release|x64.Build.0 = Release|x64
		{01479B63-D240-4E22-B9FC-51E0D934ACCE}.Release|x86.ActiveCfg = Release|Win32
		{01479B63-D240-4E22-B9FC-51E0D934ACCE}.Release|x86.Build.0 = Release|Win32
		{086EFA35-49C5-4A5F-81EB-ED9F758BDAC6}.Debug|x64.ActiveCfg = Debug|x64
		{086EFA35-49C5-4A5F-81EB-ED9F758BDAC6}.Debug|x64.Build.0 = Debug|x64
		{086EFA35-49C5-4A5F-81EB-ED9F758BDAC6}.Debug|x86.ActiveCfg = Debug|Win32
		{086EFA35-49C5-4A5F-81EB-ED9F758BDAC6}.Debug|x86.Build.0 = Debug|Win32
		{086EFA35-49C5-4A5F-81EB-ED9F758BDAC6}.Release|x64.ActiveCfg = Release|x64
		{086EFA35-49C5-4A5F-81EB-ED9F758BDAC6}.Release|x64.Build.0 = Release|x64
		{086EFA35-49C5-4A5F-81EB-ED9F758BDAC6}.Release|x86.ActiveCfg = Release|Win32
		{086EFA35-49C5-4A5F-81EB-ED9F758BDAC6}.Release|x86.Build.0 = Release|Win32
		{AA33E17D-D74D-4DF2-832F-BE5E6C1689FD}.Debug|x64.ActiveCfg = Debug|x64
		{AA33E17D-D74D-4DF2-832F-BE5E6C1689FD}.Debug|x64.Build.0 = Debug|x64
		{AA33E17D-D74D-4DF2-832F-BE5E6C1689FD}.Debug|x86.ActiveCfg = Debug|Win32
		{AA33E17D-D74D-4DF2-832F-BE5E6C1689FD}.Debug|x86.Build.0 = Debug|Win32
		{AA33E17D-D74D-4DF2-832F-BE5E6C1689FD}.Release|x64.ActiveCfg = Release|x64
		{AA33E17D-D74D-4DF2-832F-BE5E6C1689FD}.Release|x64.Build.0 = Release|x64
		{AA33E17D-D74D-4DF2-832F-BE5E6C1689FD}.Release|x86.ActiveCfg = Release|Win32
		{AA33E17D-D74D-4DF2-832F-BE5E6C1689FD}.Release|x86.Build.0 = Release|Win32
		{CFB641E6-28F2-49EC-ADD7-73B7669F8C0A}.Debug|x64.ActiveCfg = Debug|x64
		{CFB641E6-28F2-49EC-ADD7-73B7669F8C0A}.Debug|x64.Build.0 = Debug|x64
		{CFB641E6-28F2-49EC-ADD7-73B7669F8C0A}.Debug|x86.ActiveCfg = Debug|Win32
		{CFB641E6-28F2-49EC-ADD7-73B7669F8C0A}.Debug|x86.Build.0 = Debug|Win32
		{CFB641E6-28F2-49EC-ADD7-73B7669F8C0A}.Release|x64.ActiveCfg = Release|x64
		{CFB641E6-28F2-49EC-ADD7-73B7669F8C0A}.Release|x64.Build.0 = Release|x64
		{CFB641E6-28F2-49EC-ADD7-73B7669F8C0A}.Release|x86.ActiveCfg = Release|Win32
		{CFB641E6-28F2-49EC-ADD7-73B7669F8C0A}.Release|x86.Build.0 = Release|Win32
		{3D00FA84-6A10-43F7-93AB-B20AD9A82BEF}.Debug|x64.ActiveCfg = Debug|x64
		{3D00FA84-6A10-43F7-93AB-B20AD9A82BEF}.Debug|x64.Build.0 = Debug|x64
		{3D00FA84-6A10-43F7-93AB-B20AD9A82BEF}.Debug|x86.ActiveCfg = Debug|Win32
		{3D00FA84-6A10-43F7-93AB-B20AD9A82BEF}.Debug|x86.Build.0 = Debug|Win32
		{3D00FA84-6A10-43F7-93AB-B20AD9A82BEF}.Release|x64.ActiveCfg = Release|x64
		{3D00FA84-6A10-43F7-93AB-B20AD9A82BEF}.Release|x64.Build.0 = Release|x64
		{3D00FA84-6A10-43F7-93AB-B20AD9A82BEF}.Release|x86.ActiveCfg = Release|Win32
		{3D00FA84-6A10-43F7-93AB-B20AD9A82BEF}.Release|x86.Build.0 = Release|Win32
		{43277BD0-B07B-4BA1-A0D2-1A5FCC33FF5D}.Debug|x64.ActiveCfg = Debug|x64
		{43277BD0-B07B-4BA1-A0D2-1A5FCC33FF5D}.Debug|x64.Build.0 = Debug|x64
		{43277BD0-B07B-4BA1-A0D2-1A5FCC33FF5D}.Debug|x86.ActiveCfg = Debug|Win32
		{43277BD0-B07B-4BA1-A0D2-1A5FCC33FF5D}.Debug|x86.Build.0 = Debug|Win32
		{43277BD0-B07B-4BA1-A0D2-1A5FCC33FF5D}.Release|x64.ActiveCfg = Release|x64
		{43277BD0-B07B-4BA1-A0D2-1A5FCC33FF5D}.Release|x64.Build.0 = Release|x64
		{43277BD0-B07B-4BA1-A0D2-1A5FCC33FF5D}.Release|x86.ActiveCfg = Release|Win32
		{43277BD0-B07B-4BA1-A0D2-1A5FCC33FF5D}.Release|x86.Build.0 = Release|Win32
		{6C7F58AD-5D74-4076-B82D-A4A02B5351FA}.Debug|x64.ActiveCfg = Debug|x64
		{6C7F58AD-5D74-4076-B82D-A4A02B5351FA}.Debug|x64.Build.0 = Debug|x64
		{6C7F58AD-5D74-4076-B82D-A4A02B5351FA}.Debug|x86.ActiveCfg = Debug|Win32
		{6C7F58AD-5D74-4076-B82D-A4A02B5351FA}.Debug|x86.Build.0 = Debug|Win32
		{6C7F58AD-5D74-4076-B82D-A4A02B5351FA}.Release|x64.ActiveCfg = Release|x64
		{6C7F58AD-5D74-4076-B82D-A4A02B5351FA}.Release|x64.Build.0 = Release|x64
		{6C7F58AD-5D74-4076-B82D-A4A02B5351FA}.Release|x86.ActiveCfg = Release|Win32
		{6C7F58AD-5D74-4076-B82D-A4A02B5351FA}.Release|x86.Build.0 = Release|Win32
		{1CE9F8FD-2DEC-4667-8040-34FA13150274}.Debug|x64.ActiveCfg = Debug|x64
		{1CE9F8FD-2DEC-4667-8040-34FA13150274}.Debug|x64.Build.0 = Debug|x64
		{1CE9F8FD-2DEC-4667-8040-34FA13150274}.Debug|x86.ActiveCfg = Debug|Win32
		{1CE9F8FD-2DEC-4667-8040-34FA13150274}.Debug|x86.Build.0 = Debug|Win32
		{1CE9F8FD-2DEC-4667-8040-34FA13150274}.Release|x64.ActiveCfg = Release|x64
		{1CE9F8FD-2DEC-4667-8040-34FA13150274}.Release|x64.Build.0 = Release|x64
		{1CE9F8FD-2DEC-4667-8040-34FA13150274}.Release|x86.ActiveCfg = Release|Win32
		{1CE9F8FD-2DEC-4667-8040-34FA13150274}.Release|x86.Build.0 = Release|Win32
		{FE4BAE2A-D8E8-49D1-9851-8C841627D2F3}.Debug|x64.ActiveCfg = Debug|x64
		{FE4BAE2A-D8E8-49D1-9851-8C841627D2F3}.Debug|x64.Build.0 = Debug|x64
		{FE4BAE2A-D8E8-49D1-9851-8C841627D2F3}.Debug|x86.ActiveCfg = Debug|Win32
		{FE4BAE2A-D8E8-49D1-9851-8C841627D2F3}.Debug|x86.Build.0 = Debug|Win32
		{FE4BAE2A-D8E8-49D1-9851-8C841627D2F3}.Release|x64.ActiveCfg = Release|x64
		{FE4BAE2A-D8E8-49D1-9851-8C841627D2F3}.Release|x64.Build.0 = Release|x64
		{FE4BAE2A-D8E8-49D1-9851-8C841627D2F3}.Release|x86.ActiveCfg = Release|Win32
		{FE4BAE2A-D8E8-49D1-9851-8C841627D2F3}.Release|x86.Build.0 = Release|Win32
		{C6FA07DC-6AEB-4C1F-956A-FDA1A6C4D82D}.Debug|x64.ActiveCfg = Debug|x64
		{C6FA07DC-6AEB-4C1F-956A-FDA1A6C4D82D}.Debug|x64.Build.0 = Debug|x64
		{C6FA07DC-6AEB-4C1F-956A-FDA1A6C4D82D}.Debug|x86.ActiveCfg = Debug|Win32
		{C6FA07DC-6AEB-4C1F-956A-FDA1A6C4D82D}.Debug|x86.Build.0 = Debug|Win32
		{C6FA07DC-6AEB-4C1F-956A-FDA1A6C4D82D}.Release|x64.ActiveCfg = Release|x64
		{C6FA07DC-6AEB-4C1F-956A-FDA1A6C4D82D}.Release|x64.Build.0 = Release|x64
		{C6FA07DC-6AEB-4C1F-956A-FDA1A6C4D82D}.Release|x86.ActiveCfg = Release|Win32
		{C6FA07DC-6AEB-4C1F-956A-FDA1A6C4D82D}.Release|x86.Build.0 = Release|Win32
	EndGlobalSection
	GlobalSection(SolutionProperties) = preSolution
		HideSolutionNode = FALSE
	EndGlobalSection
	GlobalSection(ExtensibilityGlobals) = postSolution
		SolutionGuid = {4220403E-6A2A-4A3B-BA1C-78AE6F88AF94}
	EndGlobalSection
EndGlobal
